
Microsoft Visual Studio Solution File, Format Version 11.00
# Visual Studio 2010
Project("{8BC9CEB8-8B4A-11D0-8D11-00A0C91BC942}") = "timp5", "timp5\timp5.vcxproj", "{4429F9D4-EC9B-464A-B314-DE9C0FB20FC0}"
EndProject
Global
	GlobalSection(SolutionConfigurationPlatforms) = preSolution
		Debug|Win32 = Debug|Win32
		Release|Win32 = Release|Win32
	EndGlobalSection
	GlobalSection(ProjectConfigurationPlatforms) = postSolution
		{4429F9D4-EC9B-464A-B314-DE9C0FB20FC0}.Debug|Win32.ActiveCfg = Debug|Win32
		{4429F9D4-EC9B-464A-B314-DE9C0FB20FC0}.Debug|Win32.Build.0 = Debug|Win32
		{4429F9D4-EC9B-464A-B314-DE9C0FB20FC0}.Release|Win32.ActiveCfg = Release|Win32
		{4429F9D4-EC9B-464A-B314-DE9C0FB20FC0}.Release|Win32.Build.0 = Release|Win32
	EndGlobalSection
	GlobalSection(SolutionProperties) = preSolution
		HideSolutionNode = FALSE
	EndGlobalSection
EndGlobal
